
Microsoft Visual Studio Solution File, Format Version 12.00
# Visual Studio Version 17
VisualStudioVersion = 17.9.34616.47
MinimumVisualStudioVersion = 10.0.40219.1
Project("{9A19103F-16F7-4668-BE54-9A1E7A4F7556}") = "RadamantAPI", "RadamantAPI\RadamantAPI.csproj", "{A53DD03E-3386-471E-9F62-92F2F0050153}"
EndProject
Global
	GlobalSection(SolutionConfigurationPlatforms) = preSolution
		Debug|Any CPU = Debug|Any CPU
		Release|Any CPU = Release|Any CPU
	EndGlobalSection
	GlobalSection(ProjectConfigurationPlatforms) = postSolution
		{A53DD03E-3386-471E-9F62-92F2F0050153}.Debug|Any CPU.ActiveCfg = Debug|Any CPU
		{A53DD03E-3386-471E-9F62-92F2F0050153}.Debug|Any CPU.Build.0 = Debug|Any CPU
		{A53DD03E-3386-471E-9F62-92F2F0050153}.Release|Any CPU.ActiveCfg = Release|Any CPU
		{A53DD03E-3386-471E-9F62-92F2F0050153}.Release|Any CPU.Build.0 = Release|Any CPU
	EndGlobalSection
	GlobalSection(SolutionProperties) = preSolution
		HideSolutionNode = FALSE
	EndGlobalSection
	GlobalSection(ExtensibilityGlobals) = postSolution
		SolutionGuid = {5F73F430-EA81-4906-AF53-0AF2332AC740}
	EndGlobalSection
EndGlobal
